<?xml version="1.0" encoding="utf-8"?>
<Project ToolsVersion="4.0" xmlns="http://schemas.microsoft.com/developer/msbuild/2003">
  <ItemGroup>
    <Filter Include="ソース ファイル">
      <UniqueIdentifier>{4FC737F1-C7A5-4376-A066-2A32D752A2FF}</UniqueIdentifier>
      <Extensions>cpp;c;cc;cxx;c++;cppm;ixx;def;odl;idl;hpj;bat;asm;asmx</Extensions>
    </Filter>
    <Filter Include="ヘッダー ファイル">
      <UniqueIdentifier>{93995380-89BD-4b04-88EB-625FBE52EBFB}</UniqueIdentifier>
      <Extensions>h;hh;hpp;hxx;h++;hm;inl;inc;ipp;xsd</Extensions>
    </Filter>
    <Filter Include="リソース ファイル">
      <UniqueIdentifier>{67DA6AB6-F800-4c08-8B7A-83BB121AAD01}</UniqueIdentifier>
      <Extensions>rc;ico;cur;bmp;dlg;rc2;rct;bin;rgs;gif;jpg;jpeg;jpe;resx;tiff;tif;png;wav;mfcribbon-ms</Extensions>
    </Filter>
    <Filter Include="externals">
      <UniqueIdentifier>{fbc4af1a-3287-443b-9300-aa3d80efc9c5}</UniqueIdentifier>
    </Filter>
    <Filter Include="externals\imgui">
      <UniqueIdentifier>{e5654a7a-c419-49bf-9192-921cd488e63b}</UniqueIdentifier>
    </Filter>
    <Filter Include="ソース ファイル\engin">
      <UniqueIdentifier>{55f1385b-f7a0-447f-8a6b-c508d34c0db5}</UniqueIdentifier>
    </Filter>
    <Filter Include="ソース ファイル\engin\2d">
      <UniqueIdentifier>{5e280ff2-43d1-4246-ad14-8b231fc6fb8e}</UniqueIdentifier>
    </Filter>
    <Filter Include="ソース ファイル\engin\3d">
      <UniqueIdentifier>{57a0ba8b-9eb3-4cf2-853a-bca740806637}</UniqueIdentifier>
    </Filter>
    <Filter Include="ソース ファイル\engin\base">
      <UniqueIdentifier>{f5193182-7ada-4847-a033-5ed3e8d775de}</UniqueIdentifier>
    </Filter>
    <Filter Include="ソース ファイル\engin\input">
      <UniqueIdentifier>{f0d2259c-c6df-4a51-9387-0567d4d456f6}</UniqueIdentifier>
    </Filter>
    <Filter Include="ソース ファイル\engin\math">
      <UniqueIdentifier>{7ad63ae5-ba6b-4e32-ab23-eebb6367a135}</UniqueIdentifier>
    </Filter>
    <Filter Include="ヘッダー ファイル\engin">
      <UniqueIdentifier>{7e50270c-8930-4275-aed4-128e890398bf}</UniqueIdentifier>
    </Filter>
    <Filter Include="ヘッダー ファイル\engin\2d">
      <UniqueIdentifier>{adc2e3db-cd93-46a4-bc53-6d7c29335806}</UniqueIdentifier>
    </Filter>
    <Filter Include="ヘッダー ファイル\engin\3d">
      <UniqueIdentifier>{646581c1-013e-42bd-9370-13e260e65720}</UniqueIdentifier>
    </Filter>
    <Filter Include="ヘッダー ファイル\engin\base">
      <UniqueIdentifier>{c773c97f-ad41-46be-8c1c-dbf09a970d33}</UniqueIdentifier>
    </Filter>
    <Filter Include="ヘッダー ファイル\engin\input">
      <UniqueIdentifier>{66c5e2dd-11c1-439f-b82f-d99f5615dc2f}</UniqueIdentifier>
    </Filter>
    <Filter Include="ヘッダー ファイル\engin\math">
      <UniqueIdentifier>{5f21e2d0-86b9-48be-b367-f2db0dafc37c}</UniqueIdentifier>
    </Filter>
    <Filter Include="ソース ファイル\engin\scene">
      <UniqueIdentifier>{30d9abdf-a510-405a-8a75-38be9d9aebad}</UniqueIdentifier>
    </Filter>
    <Filter Include="ソース ファイル\engin\audio">
      <UniqueIdentifier>{1970fecf-a402-4bb1-a3fd-698c38a79d08}</UniqueIdentifier>
    </Filter>
    <Filter Include="ヘッダー ファイル\engin\scene">
      <UniqueIdentifier>{71c26741-8805-45b1-b3b8-b7d7ae94e39b}</UniqueIdentifier>
    </Filter>
    <Filter Include="ヘッダー ファイル\engin\audio">
      <UniqueIdentifier>{b478965b-5b4d-4c43-93f2-a3f047ea8c1d}</UniqueIdentifier>
    </Filter>
    <Filter Include="ソース ファイル\application">
      <UniqueIdentifier>{e89552dc-d767-4ded-ba3f-3c3b5225b9cf}</UniqueIdentifier>
    </Filter>
    <Filter Include="ヘッダー ファイル\application">
      <UniqueIdentifier>{a11bb3ee-f106-4b01-8d15-c40f89693a1e}</UniqueIdentifier>
    </Filter>
    <Filter Include="ソース ファイル\application\scene">
      <UniqueIdentifier>{cc17ab14-9743-4c5f-89d7-06c4fd69f6a3}</UniqueIdentifier>
    </Filter>
    <Filter Include="ヘッダー ファイル\application\scene">
      <UniqueIdentifier>{929a729b-b882-41e2-a549-ec4307cbbc21}</UniqueIdentifier>
    </Filter>
    <Filter Include="ソース ファイル\engin\camera">
      <UniqueIdentifier>{3ec11cac-aa1a-460c-be3c-d8844d09e0d3}</UniqueIdentifier>
    </Filter>
    <Filter Include="ヘッダー ファイル\engin\camera">
      <UniqueIdentifier>{5c47a81c-bf8e-44f3-b1c5-a7f673345949}</UniqueIdentifier>
    </Filter>
    <Filter Include="ヘッダー ファイル\engin\particle">
      <UniqueIdentifier>{0ddd9c68-5810-4698-a8f9-4938b26cee46}</UniqueIdentifier>
    </Filter>
    <Filter Include="ソース ファイル\engin\particle">
      <UniqueIdentifier>{eaa4a8e3-3bf7-4ab4-b20f-a7d1b8aae633}</UniqueIdentifier>
    </Filter>
    <Filter Include="ソース ファイル\application\camera">
      <UniqueIdentifier>{735fcb52-771b-471c-8318-0211d45a3c38}</UniqueIdentifier>
    </Filter>
    <Filter Include="ソース ファイル\application\map">
      <UniqueIdentifier>{90209f0e-23a1-4b33-8964-40a7f03f8e3c}</UniqueIdentifier>
    </Filter>
    <Filter Include="ソース ファイル\application\ui">
      <UniqueIdentifier>{113fb3b7-dfed-41d0-b589-f5a2f82eda49}</UniqueIdentifier>
    </Filter>
    <Filter Include="ソース ファイル\application\3d">
      <UniqueIdentifier>{098c6e1e-60c1-44e5-aa80-b4a3044feb12}</UniqueIdentifier>
    </Filter>
    <Filter Include="ヘッダー ファイル\application\camera">
      <UniqueIdentifier>{fe18197c-92c2-415f-8dcb-b38d3d753e0f}</UniqueIdentifier>
    </Filter>
    <Filter Include="ヘッダー ファイル\application\map">
      <UniqueIdentifier>{055aac1a-d404-47e8-82e8-9e5466842207}</UniqueIdentifier>
    </Filter>
    <Filter Include="ヘッダー ファイル\application\3d">
      <UniqueIdentifier>{e9d47399-4131-49af-89ac-ce0bd42b143e}</UniqueIdentifier>
    </Filter>
    <Filter Include="ヘッダー ファイル\application\ui">
      <UniqueIdentifier>{6b3c7636-909e-4337-aeac-142a8d520d9a}</UniqueIdentifier>
    </Filter>
    <Filter Include="ソース ファイル\application\tutorial">
      <UniqueIdentifier>{261e3ecd-9827-43b8-a54e-7d9f8b954ee6}</UniqueIdentifier>
    </Filter>
    <Filter Include="ソース ファイル\application\operate">
      <UniqueIdentifier>{59244d3b-6f59-44e7-adf7-3dba3eebcae9}</UniqueIdentifier>
    </Filter>
    <Filter Include="ヘッダー ファイル\application\operate">
      <UniqueIdentifier>{b1e6ebb7-5257-4b17-95ae-50aba84717b5}</UniqueIdentifier>
    </Filter>
    <Filter Include="ヘッダー ファイル\application\tutorial">
      <UniqueIdentifier>{a14f07d3-66a7-4e91-a6c4-69e6ae4936d6}</UniqueIdentifier>
　　</Filter>
    <Filter Include="リソース ファイル\shader">
      <UniqueIdentifier>{0c47dbd9-9e80-400a-b82b-968df2ccdf01}</UniqueIdentifier>
    </Filter>
    <Filter Include="ソース ファイル\application\player">
      <UniqueIdentifier>{135e8192-a6ff-4c69-a037-f13579ce1cea}</UniqueIdentifier>
    </Filter>
  </ItemGroup>
  <ItemGroup>
    <ClCompile Include="main.cpp">
      <Filter>ソース ファイル</Filter>
    </ClCompile>
    <ClCompile Include="engine\2d\Sprite.cpp">
      <Filter>ソース ファイル\engin\2d</Filter>
    </ClCompile>
    <ClCompile Include="engine\2d\SpriteCommon.cpp">
      <Filter>ソース ファイル\engin\2d</Filter>
    </ClCompile>
    <ClCompile Include="engine\3d\Object3D.cpp">
      <Filter>ソース ファイル\engin\3d</Filter>
    </ClCompile>
    <ClCompile Include="engine\3d\Object3DCommon.cpp">
      <Filter>ソース ファイル\engin\3d</Filter>
    </ClCompile>
    <ClCompile Include="engine\3d\Model.cpp">
      <Filter>ソース ファイル\engin\3d</Filter>
    </ClCompile>
    <ClCompile Include="engine\3d\ModelCommon.cpp">
      <Filter>ソース ファイル\engin\3d</Filter>
    </ClCompile>
    <ClCompile Include="engine\base\D3DResourceLeakChecker.cpp">
      <Filter>ソース ファイル\engin\base</Filter>
    </ClCompile>
    <ClCompile Include="engine\base\DirectXCommon.cpp">
      <Filter>ソース ファイル\engin\base</Filter>
    </ClCompile>
    <ClCompile Include="engine\base\Logger.cpp">
      <Filter>ソース ファイル\engin\base</Filter>
    </ClCompile>
    <ClCompile Include="engine\3d\ModelManager.cpp">
      <Filter>ソース ファイル\engin\base</Filter>
    </ClCompile>
    <ClCompile Include="engine\base\TextureManager.cpp">
      <Filter>ソース ファイル\engin\base</Filter>
    </ClCompile>
    <ClCompile Include="engine\input\Input.cpp">
      <Filter>ソース ファイル\engin\input</Filter>
    </ClCompile>
    <ClCompile Include="engine\math\MyMath.cpp">
      <Filter>ソース ファイル\engin\math</Filter>
    </ClCompile>
    <ClCompile Include="engine\math\RenderingPipeline.cpp">
      <Filter>ソース ファイル\engin\math</Filter>
    </ClCompile>
    <ClCompile Include="engine\base\StringUtility.cpp">
      <Filter>ソース ファイル\engin\base</Filter>
    </ClCompile>
    <ClCompile Include="engine\base\WinApp.cpp">
      <Filter>ソース ファイル\engin\base</Filter>
    </ClCompile>
    <ClCompile Include="engine\math\Easing.cpp">
      <Filter>ソース ファイル\engin\math</Filter>
    </ClCompile>
    <ClCompile Include="engine\base\FadeManager.cpp">
      <Filter>ソース ファイル\engin\base</Filter>
    </ClCompile>
    <ClCompile Include="engine\scene\Game.cpp">
      <Filter>ソース ファイル\engin\scene</Filter>
    </ClCompile>
    <ClCompile Include="engine\scene\GameOverScene.cpp">
      <Filter>ソース ファイル\engin\scene</Filter>
    </ClCompile>
    <ClCompile Include="engine\scene\BaseScene.cpp">
      <Filter>ソース ファイル\engin\scene</Filter>
    </ClCompile>
    <ClCompile Include="engine\scene\AbstractSceneFactory.cpp">
      <Filter>ソース ファイル\engin\scene</Filter>
    </ClCompile>
    <ClCompile Include="engine\scene\SceneFactory.cpp">
      <Filter>ソース ファイル\engin\scene</Filter>
    </ClCompile>
    <ClCompile Include="engine\scene\SceneManager.cpp">
      <Filter>ソース ファイル\engin\scene</Filter>
    </ClCompile>
    <ClCompile Include="engine\math\WorldTransform.cpp">
      <Filter>ソース ファイル\engin\math</Filter>
    </ClCompile>
    <ClCompile Include="engine\audio\Audio.cpp">
      <Filter>ソース ファイル\engin\audio</Filter>
    </ClCompile>
    <ClCompile Include="application\scene\StageSelectScene.cpp">
      <Filter>ソース ファイル\application\scene</Filter>
    </ClCompile>
    <ClCompile Include="engine\camera\Camera.cpp">
      <Filter>ソース ファイル\engin\camera</Filter>
    </ClCompile>
    <ClCompile Include="engine\camera\CameraManager.cpp">
      <Filter>ソース ファイル\engin\camera</Filter>
    </ClCompile>
    <ClCompile Include="engine\base\GraphicsPipeline.cpp">
      <Filter>ソース ファイル\engin\base</Filter>
    </ClCompile>
    <ClCompile Include="engine\base\ImGuiManager.cpp">
      <Filter>ソース ファイル\engin\base</Filter>
    </ClCompile>
    <ClCompile Include="engine\base\Framework.cpp">
      <Filter>ソース ファイル\engin\base</Filter>
    </ClCompile>
    <ClCompile Include="engine\particle\ParticleMnager.cpp">
      <Filter>ソース ファイル\engin\particle</Filter>
    </ClCompile>
    <ClCompile Include="engine\particle\ParticleEmitter.cpp">
      <Filter>ソース ファイル\engin\particle</Filter>
    </ClCompile>
    <ClCompile Include="engine\base\SrvManager.cpp">
      <Filter>ソース ファイル\engin\base</Filter>
    </ClCompile>
    <ClCompile Include="application\camera\PhotoCamera.cpp">
      <Filter>ソース ファイル\application\camera</Filter>
    </ClCompile>
    <ClCompile Include="application\map\Map.cpp">
      <Filter>ソース ファイル\application\map</Filter>
    </ClCompile>
    <ClCompile Include="application\3d\Block.cpp">
      <Filter>ソース ファイル\application\3d</Filter>
    </ClCompile>
    <ClCompile Include="application\uI\PauseMenu.cpp">
      <Filter>ソース ファイル\application\ui</Filter>
    </ClCompile>
    <ClCompile Include="application\uI\BitmapFont.cpp">
      <Filter>ソース ファイル\application\ui</Filter>
    </ClCompile>
    <ClCompile Include="application\operate\Operate.cpp">
      <Filter>ソース ファイル\application\operate</Filter>
    </ClCompile>
    <ClCompile Include="application\tutorial\Tutorial.cpp">
      <Filter>ソース ファイル\application\tutorial</Filter>
    </ClCompile>
    <ClCompile Include="application\scene\TitleScene.cpp">
      <Filter>ソース ファイル\application\scene</Filter>
    </ClCompile>
    <ClCompile Include="application\scene\GameClearScene.cpp">
      <Filter>ソース ファイル\application\scene</Filter>
    </ClCompile>
    <ClCompile Include="application\scene\GamePlayScene.cpp">
      <Filter>ソース ファイル\application\scene</Filter>
    </ClCompile>
    <ClCompile Include="application\player\Player.cpp">
      <Filter>ソース ファイル\application\player</Filter>
    </ClCompile>
  </ItemGroup>
  <ItemGroup>
    <FxCompile Include="Resources\Shaders\Object3d.VS.hlsl">
      <Filter>リソース ファイル\shader</Filter>
    </FxCompile>
    <FxCompile Include="Resources\Shaders\Object3d.PS.hlsl">
      <Filter>リソース ファイル\shader</Filter>
    </FxCompile>
    <FxCompile Include="Resources\Shaders\Sprite.VS.hlsl">
      <Filter>リソース ファイル\shader</Filter>
    </FxCompile>
    <FxCompile Include="Resources\Shaders\Sprite.PS.hlsl">
      <Filter>リソース ファイル\shader</Filter>
    </FxCompile>
    <FxCompile Include="Resources\Shaders\Particle.PS.hlsl">
      <Filter>リソース ファイル\shader</Filter>
    </FxCompile>
    <FxCompile Include="Resources\Shaders\Particle.VS.hlsl">
      <Filter>リソース ファイル\shader</Filter>
    </FxCompile>
  </ItemGroup>
  <ItemGroup>
    <ClInclude Include="engine\2d\Sprite.h">
      <Filter>ヘッダー ファイル\engin\2d</Filter>
    </ClInclude>
    <ClInclude Include="engine\2d\SpriteCommon.h">
      <Filter>ヘッダー ファイル\engin\2d</Filter>
    </ClInclude>
    <ClInclude Include="engine\3d\Model.h">
      <Filter>ヘッダー ファイル\engin\3d</Filter>
    </ClInclude>
    <ClInclude Include="engine\3d\ModelCommon.h">
      <Filter>ヘッダー ファイル\engin\3d</Filter>
    </ClInclude>
    <ClInclude Include="engine\3d\Object3D.h">
      <Filter>ヘッダー ファイル\engin\3d</Filter>
    </ClInclude>
    <ClInclude Include="engine\3d\Object3DCommon.h">
      <Filter>ヘッダー ファイル\engin\3d</Filter>
    </ClInclude>
    <ClInclude Include="engine\base\D3DResourceLeakChecker.h">
      <Filter>ヘッダー ファイル\engin\base</Filter>
    </ClInclude>
    <ClInclude Include="engine\base\DirectXCommon.h">
      <Filter>ヘッダー ファイル\engin\base</Filter>
    </ClInclude>
    <ClInclude Include="engine\base\Logger.h">
      <Filter>ヘッダー ファイル\engin\base</Filter>
    </ClInclude>
    <ClInclude Include="engine\3d\ModelManager.h">
      <Filter>ヘッダー ファイル\engin\base</Filter>
    </ClInclude>
    <ClInclude Include="engine\base\StringUtility.h">
      <Filter>ヘッダー ファイル\engin\base</Filter>
    </ClInclude>
    <ClInclude Include="engine\base\TextureManager.h">
      <Filter>ヘッダー ファイル\engin\base</Filter>
    </ClInclude>
    <ClInclude Include="engine\base\WinApp.h">
      <Filter>ヘッダー ファイル\engin\base</Filter>
    </ClInclude>
    <ClInclude Include="engine\math\Vector2.h">
      <Filter>ヘッダー ファイル\engin\math</Filter>
    </ClInclude>
    <ClInclude Include="engine\math\Vector4.h">
      <Filter>ヘッダー ファイル\engin\math</Filter>
    </ClInclude>
    <ClInclude Include="engine\math\Vector3.h">
      <Filter>ヘッダー ファイル\engin\math</Filter>
    </ClInclude>
    <ClInclude Include="engine\math\RenderingPipeline.h">
      <Filter>ヘッダー ファイル\engin\math</Filter>
    </ClInclude>
    <ClInclude Include="engine\math\MyMath.h">
      <Filter>ヘッダー ファイル\engin\math</Filter>
    </ClInclude>
    <ClInclude Include="engine\math\Matrix3x3.h">
      <Filter>ヘッダー ファイル\engin\math</Filter>
    </ClInclude>
    <ClInclude Include="engine\input\Input.h">
      <Filter>ヘッダー ファイル\engin\input</Filter>
    </ClInclude>
    <ClInclude Include="engine\math\Matrix4x4.h">
      <Filter>ヘッダー ファイル\engin\math</Filter>
    </ClInclude>
    <ClInclude Include="engine\math\RenderingData.h">
      <Filter>ヘッダー ファイル\engin\math</Filter>
    </ClInclude>
    <ClInclude Include="engine\base\FadeManager.h">
      <Filter>ヘッダー ファイル\engin\base</Filter>
    </ClInclude>
    <ClInclude Include="engine\math\WorldTransform.h">
      <Filter>ヘッダー ファイル\engin\math</Filter>
    </ClInclude>
    <ClInclude Include="engine\math\Easing.h">
      <Filter>ヘッダー ファイル\engin\math</Filter>
    </ClInclude>
    <ClInclude Include="engine\audio\Audio.h">
      <Filter>ヘッダー ファイル\engin\audio</Filter>
    </ClInclude>
    <ClInclude Include="engine\scene\AbstractSceneFactory.h">
      <Filter>ヘッダー ファイル\engin\scene</Filter>
    </ClInclude>
    <ClInclude Include="engine\scene\BaseScene.h">
      <Filter>ヘッダー ファイル\engin\scene</Filter>
    </ClInclude>
    <ClInclude Include="engine\scene\Game.h">
      <Filter>ヘッダー ファイル\engin\scene</Filter>
    </ClInclude>
    <ClInclude Include="engine\scene\GameOverScene.h">
      <Filter>ヘッダー ファイル\engin\scene</Filter>
    </ClInclude>
    <ClInclude Include="engine\scene\SceneFactory.h">
      <Filter>ヘッダー ファイル\engin\scene</Filter>
    </ClInclude>
    <ClInclude Include="engine\scene\SceneManager.h">
      <Filter>ヘッダー ファイル\engin\scene</Filter>
    </ClInclude>
    <ClInclude Include="application\scene\StageSelectScene.h">
      <Filter>ヘッダー ファイル\application\scene</Filter>
    </ClInclude>
    <ClInclude Include="engine\camera\Camera.h">
      <Filter>ヘッダー ファイル\engin\camera</Filter>
    </ClInclude>
    <ClInclude Include="engine\camera\CameraManager.h">
      <Filter>ヘッダー ファイル\engin\camera</Filter>
    </ClInclude>
    <ClInclude Include="engine\base\GraphicsPipeline.h">
      <Filter>ヘッダー ファイル\engin\base</Filter>
    </ClInclude>
    <ClInclude Include="engine\base\ImGuiManager.h">
      <Filter>ヘッダー ファイル\engin\base</Filter>
    </ClInclude>
    <ClInclude Include="engine\base\Framework.h">
      <Filter>ヘッダー ファイル\engin\base</Filter>
    </ClInclude>
    <ClInclude Include="engine\particle\ParticleMnager.h">
      <Filter>ヘッダー ファイル\engin\particle</Filter>
    </ClInclude>
    <ClInclude Include="engine\particle\ParticleEmitter.h">
      <Filter>ヘッダー ファイル\engin\particle</Filter>
    </ClInclude>
    <ClInclude Include="engine\base\SrvManager.h">
      <Filter>ヘッダー ファイル\engin\base</Filter>
    </ClInclude>
    <ClInclude Include="application\camera\PhotoCamera.h">
      <Filter>ヘッダー ファイル\application\camera</Filter>
    </ClInclude>
    <ClInclude Include="application\map\Map.h">
      <Filter>ヘッダー ファイル\application\map</Filter>
    </ClInclude>
    <ClInclude Include="application\3d\Block.h">
      <Filter>ヘッダー ファイル\application\3d</Filter>
    </ClInclude>
    <ClInclude Include="application\player\Player.h">
      <Filter>ヘッダー ファイル\application\3d</Filter>
    </ClInclude>
    <ClInclude Include="application\uI\PauseMenu.h">
      <Filter>ヘッダー ファイル\application\ui</Filter>
    </ClInclude>
    <ClInclude Include="application\uI\BitmapFont.h">
      <Filter>ヘッダー ファイル\application\ui</Filter>
    </ClInclude>
    <ClInclude Include="application\tutorial\Tutorial.h">
      <Filter>ヘッダー ファイル\application\tutorial</Filter>
    </ClInclude>
    <ClInclude Include="application\operate\Operate.h">
      <Filter>ヘッダー ファイル\application\operate</Filter>
    </ClInclude>
    <ClInclude Include="application\scene\GamePlayScene.h">
      <Filter>ヘッダー ファイル\application\scene</Filter>
    </ClInclude>
    <ClInclude Include="application\scene\TitleScene.h">
      <Filter>ヘッダー ファイル\application\scene</Filter>
    </ClInclude>
    <ClInclude Include="application\scene\GameClearScene.h">
      <Filter>ヘッダー ファイル\application\scene</Filter>
    </ClInclude>
    <ClInclude Include="application\3d\MapChipType.h">
      <Filter>ヘッダー ファイル\application\3d</Filter>
    </ClInclude>
  </ItemGroup>
  <ItemGroup>
    <None Include="Resources\Shaders\Object3d.hlsli">
      <Filter>リソース ファイル\shader</Filter>
    </None>
    <None Include="MapData\Map1_1.csv" />
    <None Include="MapData\blocks.csv" />
    <None Include="MapData\map050.csv" />
    <None Include="MapData\mapp6.csv">
      <Filter>リソース ファイル</Filter>
    </None>
    <None Include="MapData\mapp8.csv">
      <Filter>リソース ファイル</Filter>
    </None>
    <None Include="MapData\mapp10.csv">
      <Filter>リソース ファイル</Filter>
    </None>
    <None Include="MapData\mapp7.csv">
      <Filter>リソース ファイル</Filter>
    </None>
    <None Include="MapData\mapp12.csv">
      <Filter>リソース ファイル</Filter>
    </None>
    <None Include="MapData\mapp11.csv">
      <Filter>リソース ファイル</Filter>
    </None>
    <None Include="MapData\mapp13.csv">
      <Filter>リソース ファイル</Filter>
    </None>
    <None Include="Resources\Shaders\Sprite.hlsli">
      <Filter>リソース ファイル\shader</Filter>
    </None>
    <None Include="Resources\Shaders\Particle.hlsli">
      <Filter>リソース ファイル\shader</Filter>
    </None>
    <None Include="MapData\mapp1.csv">
      <Filter>リソース ファイル</Filter>
    </None>
    <None Include="MapData\mapp2.csv">
      <Filter>リソース ファイル</Filter>
    </None>
    <None Include="MapData\mapp3.csv">
      <Filter>リソース ファイル</Filter>
    </None>
    <None Include="MapData\mapp5.csv">
      <Filter>リソース ファイル</Filter>
    </None>
    <None Include="MapData\mapp4.csv">
      <Filter>リソース ファイル</Filter>
    </None>
    <None Include="MapData\mapp9.csv">
      <Filter>リソース ファイル</Filter>
    </None>
  </ItemGroup>
</Project>